{
  "nodes": {
    "aagl": {
      "inputs": {
        "flake-compat": "flake-compat",
        "nixpkgs": [
          "nixpkgs"
        ]
      },
      "locked": {
        "lastModified": 1747867156,
        "narHash": "sha256-JmJ4nLbrT0Lx+bK6ALVgU3H/W7C58fGDBwSP47sMQN0=",
        "owner": "ezKEa",
        "repo": "aagl-gtk-on-nix",
        "rev": "7bfabf36395a50f775dc26f63089e4d5df28c8f2",
        "type": "github"
      },
      "original": {
        "owner": "ezKEa",
        "ref": "release-25.05",
        "repo": "aagl-gtk-on-nix",
        "type": "github"
      }
    },
    "disko": {
      "inputs": {
        "nixpkgs": [
          "nixpkgs"
        ]
      },
      "locked": {
        "lastModified": 1750040002,
        "narHash": "sha256-KrC9iOVYIn6ukpVlHbqSA4hYCZ6oDyJKrcLqv4c5v84=",
        "owner": "nix-community",
        "repo": "disko",
        "rev": "7f1857b31522062a6a00f88cbccf86b43acceed1",
        "type": "github"
      },
      "original": {
        "owner": "nix-community",
        "repo": "disko",
        "type": "github"
      }
    },
    "flake-compat": {
      "flake": false,
      "locked": {
        "lastModified": 1733328505,
        "narHash": "sha256-NeCCThCEP3eCl2l/+27kNNK7QrwZB1IJCrXfrbv5oqU=",
        "owner": "edolstra",
        "repo": "flake-compat",
        "rev": "ff81ac966bb2cae68946d5ed5fc4994f96d0ffec",
        "type": "github"
      },
      "original": {
        "owner": "edolstra",
        "repo": "flake-compat",
        "type": "github"
      }
    },
    "flake-utils": {
      "inputs": {
        "systems": "systems"
      },
      "locked": {
        "lastModified": 1731533236,
        "narHash": "sha256-l0KFg5HjrsfsO/JpG+r7fRrqm12kzFHyUHqHCVpMMbI=",
        "owner": "numtide",
        "repo": "flake-utils",
        "rev": "11707dc2f618dd54ca8739b309ec4fc024de578b",
        "type": "github"
      },
      "original": {
        "owner": "numtide",
        "repo": "flake-utils",
        "type": "github"
      }
    },
    "flake-utils_2": {
      "inputs": {
        "systems": "systems_2"
      },
      "locked": {
        "lastModified": 1731533236,
        "narHash": "sha256-l0KFg5HjrsfsO/JpG+r7fRrqm12kzFHyUHqHCVpMMbI=",
        "owner": "numtide",
        "repo": "flake-utils",
        "rev": "11707dc2f618dd54ca8739b309ec4fc024de578b",
        "type": "github"
      },
      "original": {
        "owner": "numtide",
        "repo": "flake-utils",
        "type": "github"
      }
    },
    "home-manager": {
      "inputs": {
        "nixpkgs": [
          "nixpkgs"
        ]
      },
      "locked": {
        "lastModified": 1749154018,
        "narHash": "sha256-gjN3j7joRvT3a8Zgcylnd4NFsnXeDBumqiu4HmY1RIg=",
        "owner": "nix-community",
        "repo": "home-manager",
        "rev": "7aae0ee71a17b19708b93b3ed448a1a0952bf111",
        "type": "github"
      },
      "original": {
        "owner": "nix-community",
        "ref": "release-25.05",
        "repo": "home-manager",
        "type": "github"
      }
    },
    "nix-darwin": {
      "inputs": {
        "nixpkgs": [
          "nixpkgs-darwin"
        ]
      },
      "locked": {
        "lastModified": 1749744770,
        "narHash": "sha256-MEM9XXHgBF/Cyv1RES1t6gqAX7/tvayBC1r/KPyK1ls=",
        "owner": "xinux-org",
        "repo": "nix-darwin",
        "rev": "536f951efb1ccda9b968e3c9dee39fbeb6d3fdeb",
        "type": "github"
      },
      "original": {
        "owner": "xinux-org",
        "ref": "nix-darwin-25.05",
        "repo": "nix-darwin",
        "type": "github"
      }
    },
    "nixpkgs": {
      "locked": {
        "lastModified": 1750005367,
        "narHash": "sha256-h/aac1dGLhS3qpaD2aZt25NdKY7b+JT0ZIP2WuGsJMU=",
        "owner": "nixos",
        "repo": "nixpkgs",
        "rev": "6c64dabd3aa85e0c02ef1cdcb6e1213de64baee3",
        "type": "github"
      },
      "original": {
        "owner": "nixos",
        "ref": "nixos-25.05",
        "repo": "nixpkgs",
        "type": "github"
      }
    },
    "nixpkgs-darwin": {
      "locked": {
        "lastModified": 1750128703,
        "narHash": "sha256-iPRnweNgnyReON37s8dnXRoCx46VxC8SCW3OOyuv3/U=",
        "owner": "nixos",
        "repo": "nixpkgs",
        "rev": "88bf7cb010ca218555ddb69fa120bb5ed8a72bd2",
        "type": "github"
      },
      "original": {
        "owner": "nixos",
        "ref": "nixpkgs-25.05-darwin",
        "repo": "nixpkgs",
        "type": "github"
      }
    },
    "nixpkgs-unstable": {
      "locked": {
        "lastModified": 1750134718,
        "narHash": "sha256-v263g4GbxXv87hMXMCpjkIxd/viIF7p3JpJrwgKdNiI=",
        "owner": "nixos",
        "repo": "nixpkgs",
        "rev": "9e83b64f727c88a7711a2c463a7b16eedb69a84c",
        "type": "github"
      },
      "original": {
        "owner": "nixos",
        "ref": "nixos-unstable",
        "repo": "nixpkgs",
        "type": "github"
      }
    },
    "orzklv-pkgs": {
      "inputs": {
        "flake-utils": "flake-utils_2",
        "nixpkgs": [
          "nixpkgs"
        ],
        "nixpkgs-unstable": [
          "nixpkgs-unstable"
        ]
      },
      "locked": {
        "lastModified": 1749917589,
        "narHash": "sha256-M1UFczo0XaCDhE2tE4ZwNWno8y1QAF3UNjLzRpxeQVs=",
        "owner": "orzklv",
        "repo": "pkgs",
        "rev": "18f020743aca6555b31625c86623ddc4d811548d",
        "type": "github"
      },
      "original": {
        "owner": "orzklv",
        "repo": "pkgs",
        "type": "github"
      }
    },
    "root": {
      "inputs": {
        "aagl": "aagl",
        "disko": "disko",
        "flake-utils": "flake-utils",
        "home-manager": "home-manager",
        "nix-darwin": "nix-darwin",
        "nixpkgs": "nixpkgs",
        "nixpkgs-darwin": "nixpkgs-darwin",
        "nixpkgs-unstable": "nixpkgs-unstable",
        "orzklv-pkgs": "orzklv-pkgs",
        "sops-nix": "sops-nix"
      }
    },
    "sops-nix": {
      "inputs": {
        "nixpkgs": [
          "nixpkgs"
        ]
      },
      "locked": {
        "lastModified": 1750119275,
        "narHash": "sha256-Rr7Pooz9zQbhdVxux16h7URa6mA80Pb/G07T4lHvh0M=",
        "owner": "Mic92",
        "repo": "sops-nix",
        "rev": "77c423a03b9b2b79709ea2cb63336312e78b72e2",
        "type": "github"
      },
      "original": {
        "owner": "Mic92",
        "repo": "sops-nix",
        "type": "github"
      }
    },
    "systems": {
      "locked": {
        "lastModified": 1681028828,
        "narHash": "sha256-Vy1rq5AaRuLzOxct8nz4T6wlgyUR7zLU309k9mBC768=",
        "owner": "nix-systems",
        "repo": "default",
        "rev": "da67096a3b9bf56a91d16901293e51ba5b49a27e",
        "type": "github"
      },
      "original": {
        "owner": "nix-systems",
        "repo": "default",
        "type": "github"
      }
    },
    "systems_2": {
      "locked": {
        "lastModified": 1681028828,
        "narHash": "sha256-Vy1rq5AaRuLzOxct8nz4T6wlgyUR7zLU309k9mBC768=",
        "owner": "nix-systems",
        "repo": "default",
        "rev": "da67096a3b9bf56a91d16901293e51ba5b49a27e",
        "type": "github"
      },
      "original": {
        "owner": "nix-systems",
        "repo": "default",
        "type": "github"
      }
    }
  },
  "root": "root",
  "version": 7
}
